
Microsoft Visual Studio Solution File, Format Version 12.00
# Visual Studio Version 16
VisualStudioVersion = 16.0.30114.105
MinimumVisualStudioVersion = 10.0.40219.1
Project("{FAE04EC0-301F-11D3-BF4B-00C04F79EFBC}") = "R5T.Thessaloniki.Default", "R5T.Thessaloniki.Default\R5T.Thessaloniki.Default.csproj", "{F794C3A2-B010-4858-BDDC-83D9EC66BE6F}"
EndProject
Project("{FAE04EC0-301F-11D3-BF4B-00C04F79EFBC}") = "R5T.Thessaloniki.Default.Construction", "R5T.Thessaloniki.Default.Construction\R5T.Thessaloniki.Default.Construction.csproj", "{3059E5CE-9F36-47B6-B4DE-A9771417200F}"
EndProject
Project("{FAE04EC0-301F-11D3-BF4B-00C04F79EFBC}") = "R5T.Thessaloniki.Default.Testing", "R5T.Thessaloniki.Default.Testing\R5T.Thessaloniki.Default.Testing.csproj", "{273AC2AB-D50B-4B7D-B973-A3475583A749}"
EndProject
Project("{2150E333-8FDC-42A3-9474-1A3956D46DE8}") = "_Dependencies", "_Dependencies", "{CD9FA02B-449E-412A-B515-8966904EFAF3}"
EndProject
Project("{FAE04EC0-301F-11D3-BF4B-00C04F79EFBC}") = "R5T.T0064", "..\..\R5T.T0064\source\R5T.T0064\R5T.T0064.csproj", "{57C1C72E-F39C-4CDF-8F2D-BD9D4D605EAE}"
EndProject
Global
	GlobalSection(SolutionConfigurationPlatforms) = preSolution
		Debug|Any CPU = Debug|Any CPU
		Debug|x64 = Debug|x64
		Debug|x86 = Debug|x86
		Release|Any CPU = Release|Any CPU
		Release|x64 = Release|x64
		Release|x86 = Release|x86
	EndGlobalSection
	GlobalSection(SolutionProperties) = preSolution
		HideSolutionNode = FALSE
	EndGlobalSection
	GlobalSection(ProjectConfigurationPlatforms) = postSolution
		{F794C3A2-B010-4858-BDDC-83D9EC66BE6F}.Debug|Any CPU.ActiveCfg = Debug|Any CPU
		{F794C3A2-B010-4858-BDDC-83D9EC66BE6F}.Debug|Any CPU.Build.0 = Debug|Any CPU
		{F794C3A2-B010-4858-BDDC-83D9EC66BE6F}.Debug|x64.ActiveCfg = Debug|Any CPU
		{F794C3A2-B010-4858-BDDC-83D9EC66BE6F}.Debug|x64.Build.0 = Debug|Any CPU
		{F794C3A2-B010-4858-BDDC-83D9EC66BE6F}.Debug|x86.ActiveCfg = Debug|Any CPU
		{F794C3A2-B010-4858-BDDC-83D9EC66BE6F}.Debug|x86.Build.0 = Debug|Any CPU
		{F794C3A2-B010-4858-BDDC-83D9EC66BE6F}.Release|Any CPU.ActiveCfg = Release|Any CPU
		{F794C3A2-B010-4858-BDDC-83D9EC66BE6F}.Release|Any CPU.Build.0 = Release|Any CPU
		{F794C3A2-B010-4858-BDDC-83D9EC66BE6F}.Release|x64.ActiveCfg = Release|Any CPU
		{F794C3A2-B010-4858-BDDC-83D9EC66BE6F}.Release|x64.Build.0 = Release|Any CPU
		{F794C3A2-B010-4858-BDDC-83D9EC66BE6F}.Release|x86.ActiveCfg = Release|Any CPU
		{F794C3A2-B010-4858-BDDC-83D9EC66BE6F}.Release|x86.Build.0 = Release|Any CPU
		{3059E5CE-9F36-47B6-B4DE-A9771417200F}.Debug|Any CPU.ActiveCfg = Debug|Any CPU
		{3059E5CE-9F36-47B6-B4DE-A9771417200F}.Debug|Any CPU.Build.0 = Debug|Any CPU
		{3059E5CE-9F36-47B6-B4DE-A9771417200F}.Debug|x64.ActiveCfg = Debug|Any CPU
		{3059E5CE-9F36-47B6-B4DE-A9771417200F}.Debug|x64.Build.0 = Debug|Any CPU
		{3059E5CE-9F36-47B6-B4DE-A9771417200F}.Debug|x86.ActiveCfg = Debug|Any CPU
		{3059E5CE-9F36-47B6-B4DE-A9771417200F}.Debug|x86.Build.0 = Debug|Any CPU
		{3059E5CE-9F36-47B6-B4DE-A9771417200F}.Release|Any CPU.ActiveCfg = Release|Any CPU
		{3059E5CE-9F36-47B6-B4DE-A9771417200F}.Release|Any CPU.Build.0 = Release|Any CPU
		{3059E5CE-9F36-47B6-B4DE-A9771417200F}.Release|x64.ActiveCfg = Release|Any CPU
		{3059E5CE-9F36-47B6-B4DE-A9771417200F}.Release|x64.Build.0 = Release|Any CPU
		{3059E5CE-9F36-47B6-B4DE-A9771417200F}.Release|x86.ActiveCfg = Release|Any CPU
		{3059E5CE-9F36-47B6-B4DE-A9771417200F}.Release|x86.Build.0 = Release|Any CPU
		{273AC2AB-D50B-4B7D-B973-A3475583A749}.Debug|Any CPU.ActiveCfg = Debug|Any CPU
		{273AC2AB-D50B-4B7D-B973-A3475583A749}.Debug|Any CPU.Build.0 = Debug|Any CPU
		{273AC2AB-D50B-4B7D-B973-A3475583A749}.Debug|x64.ActiveCfg = Debug|Any CPU
		{273AC2AB-D50B-4B7D-B973-A3475583A749}.Debug|x64.Build.0 = Debug|Any CPU
		{273AC2AB-D50B-4B7D-B973-A3475583A749}.Debug|x86.ActiveCfg = Debug|Any CPU
		{273AC2AB-D50B-4B7D-B973-A3475583A749}.Debug|x86.Build.0 = Debug|Any CPU
		{273AC2AB-D50B-4B7D-B973-A3475583A749}.Release|Any CPU.ActiveCfg = Release|Any CPU
		{273AC2AB-D50B-4B7D-B973-A3475583A749}.Release|Any CPU.Build.0 = Release|Any CPU
		{273AC2AB-D50B-4B7D-B973-A3475583A749}.Release|x64.ActiveCfg = Release|Any CPU
		{273AC2AB-D50B-4B7D-B973-A3475583A749}.Release|x64.Build.0 = Release|Any CPU
		{273AC2AB-D50B-4B7D-B973-A3475583A749}.Release|x86.ActiveCfg = Release|Any CPU
		{273AC2AB-D50B-4B7D-B973-A3475583A749}.Release|x86.Build.0 = Release|Any CPU
		{57C1C72E-F39C-4CDF-8F2D-BD9D4D605EAE}.Debug|Any CPU.ActiveCfg = Debug|Any CPU
		{57C1C72E-F39C-4CDF-8F2D-BD9D4D605EAE}.Debug|Any CPU.Build.0 = Debug|Any CPU
		{57C1C72E-F39C-4CDF-8F2D-BD9D4D605EAE}.Debug|x64.ActiveCfg = Debug|Any CPU
		{57C1C72E-F39C-4CDF-8F2D-BD9D4D605EAE}.Debug|x64.Build.0 = Debug|Any CPU
		{57C1C72E-F39C-4CDF-8F2D-BD9D4D605EAE}.Debug|x86.ActiveCfg = Debug|Any CPU
		{57C1C72E-F39C-4CDF-8F2D-BD9D4D605EAE}.Debug|x86.Build.0 = Debug|Any CPU
		{57C1C72E-F39C-4CDF-8F2D-BD9D4D605EAE}.Release|Any CPU.ActiveCfg = Release|Any CPU
		{57C1C72E-F39C-4CDF-8F2D-BD9D4D605EAE}.Release|Any CPU.Build.0 = Release|Any CPU
		{57C1C72E-F39C-4CDF-8F2D-BD9D4D605EAE}.Release|x64.ActiveCfg = Release|Any CPU
		{57C1C72E-F39C-4CDF-8F2D-BD9D4D605EAE}.Release|x64.Build.0 = Release|Any CPU
		{57C1C72E-F39C-4CDF-8F2D-BD9D4D605EAE}.Release|x86.ActiveCfg = Release|Any CPU
		{57C1C72E-F39C-4CDF-8F2D-BD9D4D605EAE}.Release|x86.Build.0 = Release|Any CPU
	EndGlobalSection
	GlobalSection(NestedProjects) = preSolution
		{57C1C72E-F39C-4CDF-8F2D-BD9D4D605EAE} = {CD9FA02B-449E-412A-B515-8966904EFAF3}
	EndGlobalSection
EndGlobal
